
Microsoft Visual Studio Solution File, Format Version 12.00
# Visual Studio Version 17
VisualStudioVersion = 17.2.32602.215
MinimumVisualStudioVersion = 10.0.40219.1
Project("{9A19103F-16F7-4668-BE54-9A1E7A4F7556}") = "Sencilla.Core", "libs\core\Sencilla.Core.csproj", "{3C5B8832-AFD4-44FA-938D-09DD43BEE6A2}"
EndProject
Project("{9A19103F-16F7-4668-BE54-9A1E7A4F7556}") = "Sencilla.Web", "libs\web\Sencilla.Web.csproj", "{B1BF51F0-DFA3-4DD3-B672-9FDE91EF51C3}"
EndProject
Project("{2150E333-8FDC-42A3-9474-1A3956D46DE8}") = "components", "components", "{1E20ABEB-943D-4651-8C7D-B2DFF3662747}"
EndProject
Project("{9A19103F-16F7-4668-BE54-9A1E7A4F7556}") = "Sencilla.Component.Config", "libs\components\Config\Sencilla.Component.Config.csproj", "{F150A5AF-23BC-420A-B782-B4C6F88F9512}"
EndProject
Project("{2150E333-8FDC-42A3-9474-1A3956D46DE8}") = "mappers", "mappers", "{D83ACE0F-B833-44E8-B34F-DCFAF36131FA}"
EndProject
Project("{9A19103F-16F7-4668-BE54-9A1E7A4F7556}") = "Sencilla.Mapper.Sql", "libs\mappers\Sql\Sencilla.Mapper.Sql.csproj", "{D162185D-CEF7-4160-8F60-E9EF7A560C97}"
EndProject
Project("{9A19103F-16F7-4668-BE54-9A1E7A4F7556}") = "Sencilla.Mapper.Entity", "libs\mappers\Entity\Sencilla.Mapper.Entity.csproj", "{D6CAFCA3-DB5F-476B-8643-057A16FD0114}"
EndProject
Project("{9A19103F-16F7-4668-BE54-9A1E7A4F7556}") = "Sencilla.Mapper.Excel", "libs\mappers\Excel\Sencilla.Mapper.Excel.csproj", "{C07DF10D-7DD1-483D-AF39-CD10B38EECE7}"
EndProject
Project("{2150E333-8FDC-42A3-9474-1A3956D46DE8}") = "repositories", "repositories", "{EAFE8751-7E1F-4BFE-82DA-B747451EF49A}"
EndProject
Project("{9A19103F-16F7-4668-BE54-9A1E7A4F7556}") = "Sencilla.Repository.SqlMapper", "libs\repositories\SqlMapper\Sencilla.Repository.SqlMapper.csproj", "{FA2F0F7D-0A3B-42E6-AF0E-D539F56647B3}"
EndProject
Project("{9A19103F-16F7-4668-BE54-9A1E7A4F7556}") = "Sencilla.Repository.EntityFramework", "libs\repositories\EntityFramework\Sencilla.Repository.EntityFramework.csproj", "{AFDA1854-0128-4801-B6F5-7C2494490D38}"
EndProject
Project("{9A19103F-16F7-4668-BE54-9A1E7A4F7556}") = "Sencilla.Component.Users", "libs\components\Users\Sencilla.Component.Users.csproj", "{8F4E9A41-747E-4133-96F7-DA1122BD7B3C}"
EndProject
Project("{9A19103F-16F7-4668-BE54-9A1E7A4F7556}") = "Sencilla.Component.Geography", "libs\components\Geography\Sencilla.Component.Geography.csproj", "{FB4B1060-4435-4F9E-9F83-B926BF60F79B}"
EndProject
Project("{9A19103F-16F7-4668-BE54-9A1E7A4F7556}") = "Sencilla.Component.Security", "libs\components\Security\Sencilla.Component.Security.csproj", "{522EF56D-387D-4C89-9A2C-F0E89B723490}"
EndProject
Project("{9A19103F-16F7-4668-BE54-9A1E7A4F7556}") = "Sencilla.Component.Validation", "libs\components\Validation\Sencilla.Component.Validation.csproj", "{31D2DA7D-A4C8-4280-B92E-24351D4DAC2F}"
EndProject
Project("{9A19103F-16F7-4668-BE54-9A1E7A4F7556}") = "Sencilla.Repository.HttpClient", "libs\repositories\HttpClient\Sencilla.Repository.HttpClient.csproj", "{CA769FFC-19A6-4909-BE8A-99114ECD0A62}"
EndProject
Project("{2150E333-8FDC-42A3-9474-1A3956D46DE8}") = "mobile", "mobile", "{986CA949-ABB6-41F4-90EA-A2C2201E9CFE}"
EndProject
Project("{9A19103F-16F7-4668-BE54-9A1E7A4F7556}") = "Sencilla.Mobile.Core", "libs\mobile\Core\Sencilla.Mobile.Core.csproj", "{0CE3D262-2AA8-4DF4-837D-B9C6071B86B3}"
EndProject
Project("{2150E333-8FDC-42A3-9474-1A3956D46DE8}") = "tests", "tests", "{82D292C4-D134-42A4-8D9A-7E1D5B7C260F}"
EndProject
Project("{2150E333-8FDC-42A3-9474-1A3956D46DE8}") = "components", "components", "{20C65D60-A80A-4583-8CBE-01BA9E306BA3}"
EndProject
Project("{9A19103F-16F7-4668-BE54-9A1E7A4F7556}") = "Sencilla.Component.Security.Tests", "tests\components\Security\Sencilla.Component.Security.Tests.csproj", "{8D521BDE-16D9-4715-88D8-E50A78DF5713}"
EndProject
Project("{9A19103F-16F7-4668-BE54-9A1E7A4F7556}") = "Sencilla.Repository.EntityFramework.Tests", "tests\repositories\EntityFramework\Sencilla.Repository.EntityFramework.Tests.csproj", "{7E57A4E6-DA08-44F7-96C8-AF06E7180E41}"
EndProject
Project("{2150E333-8FDC-42A3-9474-1A3956D46DE8}") = "repositories", "repositories", "{98A5679D-EA35-49A0-A7D8-738DA4868592}"
EndProject
Project("{9A19103F-16F7-4668-BE54-9A1E7A4F7556}") = "Sencilla.Core.Tests", "tests\cores\Sencilla.Core.Tests.csproj", "{B4479087-3435-42DA-88B1-7D32C7358EB9}"
EndProject
Project("{2150E333-8FDC-42A3-9474-1A3956D46DE8}") = "extensions", "extensions", "{4EF87FA7-8BCE-4B8D-854A-51E7FB0D2B42}"
EndProject
Project("{2150E333-8FDC-42A3-9474-1A3956D46DE8}") = "extensions", "extensions", "{062F3A53-9CAD-4118-9258-9F9F252EAAD3}"
EndProject
Project("{9A19103F-16F7-4668-BE54-9A1E7A4F7556}") = "Sencilla.Repository.EntityFramework.Extension.Tests", "tests\extensions\EntityFramework.Extension.Tests\Sencilla.Repository.EntityFramework.Extension.Tests.csproj", "{B98F9496-15C3-4F82-9DA7-02500E09BFAE}"
EndProject
Project("{9A19103F-16F7-4668-BE54-9A1E7A4F7556}") = "Microsoft.EntityFrameworkCore.Extension", "libs\extensions\EntityFrameworkCore\Microsoft.EntityFrameworkCore.Extension.csproj", "{06C45A6D-D821-46DE-BB89-0AE56C3DC96C}"
EndProject
Project("{9A19103F-16F7-4668-BE54-9A1E7A4F7556}") = "Sencilla.Component.Files", "libs\files\Core\Sencilla.Component.Files.csproj", "{8D6C609D-32FD-4719-BDB1-587343AE4894}"
EndProject
Project("{9A19103F-16F7-4668-BE54-9A1E7A4F7556}") = "Sencilla.Component.I18n", "libs\components\I18n\Sencilla.Component.I18n.csproj", "{EF05C823-3EF0-432F-AF05-D8C33BCA00AD}"
EndProject
Project("{9A19103F-16F7-4668-BE54-9A1E7A4F7556}") = "Sencilla.Component.Users.Auth", "libs\components\Auth\Sencilla.Component.Users.Auth.csproj", "{1C5101BC-E173-4EBB-9125-2EE833F0EFD6}"
EndProject
Project("{2150E333-8FDC-42A3-9474-1A3956D46DE8}") = "messaging", "messaging", "{E8166BE3-7AA5-4664-8EC4-B0567659727B}"
EndProject
Project("{FAE04EC0-301F-11D3-BF4B-00C04F79EFBC}") = "Sencilla.Messaging", "libs\messaging\Core\Sencilla.Messaging.csproj", "{216337C6-87E7-4994-9789-8C5385CE8E81}"
EndProject
Project("{FAE04EC0-301F-11D3-BF4B-00C04F79EFBC}") = "Sencilla.Messaging.Mediator", "libs\messaging\Mediator\Sencilla.Messaging.Mediator.csproj", "{3E79CF0C-74BC-4E43-B1AF-A2F97D668FC4}"
EndProject
Project("{FAE04EC0-301F-11D3-BF4B-00C04F79EFBC}") = "Sencilla.Messaging.InMemoryQueue", "libs\messaging\InMemoryQueue\Sencilla.Messaging.InMemoryQueue.csproj", "{61390C80-5789-4A08-AA18-B51D4E3E9249}"
EndProject
Project("{FAE04EC0-301F-11D3-BF4B-00C04F79EFBC}") = "Sencilla.Messaging.RabbitMQ", "libs\messaging\RabbitMQ\Sencilla.Messaging.RabbitMQ.csproj", "{3691998E-2F86-4007-BCBE-9356F6A34D86}"
EndProject
Project("{FAE04EC0-301F-11D3-BF4B-00C04F79EFBC}") = "Sencilla.Messaging.Kafka", "libs\messaging\Kafka\Sencilla.Messaging.Kafka.csproj", "{932346D1-FF90-4EFA-AF44-CE14D43F2A40}"
EndProject
Project("{FAE04EC0-301F-11D3-BF4B-00C04F79EFBC}") = "Sencilla.Messaging.ServiceBus", "libs\messaging\ServiceBus\Sencilla.Messaging.ServiceBus.csproj", "{2F134EA5-707A-463E-8B58-A74760A8F8DF}"
EndProject
Project("{2150E333-8FDC-42A3-9474-1A3956D46DE8}") = "promts", "promts", "{782C0AC8-599A-EB63-2EF6-BCE0800E479C}"
EndProject
Project("{2150E333-8FDC-42A3-9474-1A3956D46DE8}") = "docs", "docs", "{208BA388-4CEE-2CBF-559C-5607C099C1F8}"
EndProject
Project("{2150E333-8FDC-42A3-9474-1A3956D46DE8}") = "libs", "libs", "{6C4D298B-81FB-2B6B-5AB6-46205EDDC72C}"
EndProject
Project("{FAE04EC0-301F-11D3-BF4B-00C04F79EFBC}") = "Sencilla.Messaging.EntityFramework", "libs\messaging\EntityFramework\Sencilla.Messaging.EntityFramework.csproj", "{CF7F7DFB-9192-4ABB-B7A3-74830C06BCF8}"
EndProject
Project("{FAE04EC0-301F-11D3-BF4B-00C04F79EFBC}") = "Sencilla.Messaging.Redis", "libs\messaging\Redis\Sencilla.Messaging.Redis.csproj", "{6D9B8603-4493-4D93-BD9E-40EEDE98CAD3}"
EndProject
Project("{FAE04EC0-301F-11D3-BF4B-00C04F79EFBC}") = "Sencilla.Messaging.Scheduler", "libs\messaging\Scheduler\Sencilla.Messaging.Scheduler.csproj", "{88702800-9492-4168-BCDA-8FD8A00E06BE}"
EndProject
Project("{2150E333-8FDC-42A3-9474-1A3956D46DE8}") = "scheduler", "scheduler", "{1946DC2C-903D-343F-DC2D-850841B0FAB4}"
EndProject
Project("{FAE04EC0-301F-11D3-BF4B-00C04F79EFBC}") = "Sencilla.Scheduler", "libs\scheduler\Core\Sencilla.Scheduler.csproj", "{A769CC49-1222-45F4-A641-C2BB25759549}"
EndProject
Project("{FAE04EC0-301F-11D3-BF4B-00C04F79EFBC}") = "Sencilla.Scheduler.EntityFramework", "libs\scheduler\EntityFramework\Sencilla.Scheduler.EntityFramework.csproj", "{14111810-ABF1-4E39-9CA6-A64B3DE48EEA}"
EndProject
Project("{FAE04EC0-301F-11D3-BF4B-00C04F79EFBC}") = "Sencilla.Scheduler.SourceGenerator", "libs\scheduler\SourceGenerator\Sencilla.Scheduler.SourceGenerator.csproj", "{CDC6C14D-8F68-4477-9EA5-DEB17E4FC040}"
EndProject
Project("{FAE04EC0-301F-11D3-BF4B-00C04F79EFBC}") = "Sencilla.Messaging.SourceGenerator", "libs\messaging\SourceGenerator\Sencilla.Messaging.SourceGenerator.csproj", "{8179ACBF-DCD3-4CD1-9663-0E72531BBACA}"
EndProject
Project("{2150E333-8FDC-42A3-9474-1A3956D46DE8}") = "files", "files", "{02EA681E-C7D8-13C7-8484-4AC65E1B71E8}"
EndProject
Project("{FAE04EC0-301F-11D3-BF4B-00C04F79EFBC}") = "Sencilla.Component.Files.AzureStorage", "libs\files\AzureStorage\Sencilla.Component.Files.AzureStorage.csproj", "{80D24A9E-F7B9-4E0E-A94D-7CE898FFC317}"
EndProject
Project("{FAE04EC0-301F-11D3-BF4B-00C04F79EFBC}") = "Sencilla.Component.Files.LocalDrive", "libs\files\LocalDrive\Sencilla.Component.Files.LocalDrive.csproj", "{16A37C95-41B8-41E5-AB57-A2484EEF1B41}"
EndProject
Project("{FAE04EC0-301F-11D3-BF4B-00C04F79EFBC}") = "Sencilla.Component.Files.AmazonS3", "libs\files\AmazonS3\Sencilla.Component.Files.AmazonS3.csproj", "{974960F1-FC57-447D-AE9D-CA8ED92DDC34}"
EndProject
Project("{FAE04EC0-301F-11D3-BF4B-00C04F79EFBC}") = "Sencilla.Component.Files.Database", "libs\files\Database\Sencilla.Component.Files.Database.csproj", "{50EB5FA3-13DF-465E-9857-F8AD9E083B5E}"
EndProject
Project("{FAE04EC0-301F-11D3-BF4B-00C04F79EFBC}") = "Sencilla.Component.Files.GoogleStorage", "libs\files\GoogleStorage\Sencilla.Component.Files.GoogleStorage.csproj", "{79E299E4-E5C5-4C2E-A227-49F9259057EF}"
EndProject
Project("{FAE04EC0-301F-11D3-BF4B-00C04F79EFBC}") = "Sencilla.Messaging.SignalR", "libs\messaging\SignalR\Sencilla.Messaging.SignalR.csproj", "{5CF27B5C-AE8A-438F-B01F-31A043759805}"
EndProject
Global
	GlobalSection(SolutionConfigurationPlatforms) = preSolution
		Debug|Any CPU = Debug|Any CPU
		Debug|x64 = Debug|x64
		Debug|x86 = Debug|x86
		Release|Any CPU = Release|Any CPU
		Release|x64 = Release|x64
		Release|x86 = Release|x86
	EndGlobalSection
	GlobalSection(ProjectConfigurationPlatforms) = postSolution
		{3C5B8832-AFD4-44FA-938D-09DD43BEE6A2}.Debug|Any CPU.ActiveCfg = Debug|Any CPU
		{3C5B8832-AFD4-44FA-938D-09DD43BEE6A2}.Debug|Any CPU.Build.0 = Debug|Any CPU
		{3C5B8832-AFD4-44FA-938D-09DD43BEE6A2}.Debug|x64.ActiveCfg = Debug|Any CPU
		{3C5B8832-AFD4-44FA-938D-09DD43BEE6A2}.Debug|x64.Build.0 = Debug|Any CPU
		{3C5B8832-AFD4-44FA-938D-09DD43BEE6A2}.Debug|x86.ActiveCfg = Debug|Any CPU
		{3C5B8832-AFD4-44FA-938D-09DD43BEE6A2}.Debug|x86.Build.0 = Debug|Any CPU
		{3C5B8832-AFD4-44FA-938D-09DD43BEE6A2}.Release|Any CPU.ActiveCfg = Release|Any CPU
		{3C5B8832-AFD4-44FA-938D-09DD43BEE6A2}.Release|Any CPU.Build.0 = Release|Any CPU
		{3C5B8832-AFD4-44FA-938D-09DD43BEE6A2}.Release|x64.ActiveCfg = Release|Any CPU
		{3C5B8832-AFD4-44FA-938D-09DD43BEE6A2}.Release|x64.Build.0 = Release|Any CPU
		{3C5B8832-AFD4-44FA-938D-09DD43BEE6A2}.Release|x86.ActiveCfg = Release|Any CPU
		{3C5B8832-AFD4-44FA-938D-09DD43BEE6A2}.Release|x86.Build.0 = Release|Any CPU
		{B1BF51F0-DFA3-4DD3-B672-9FDE91EF51C3}.Debug|Any CPU.ActiveCfg = Debug|Any CPU
		{B1BF51F0-DFA3-4DD3-B672-9FDE91EF51C3}.Debug|Any CPU.Build.0 = Debug|Any CPU
		{B1BF51F0-DFA3-4DD3-B672-9FDE91EF51C3}.Debug|x64.ActiveCfg = Debug|Any CPU
		{B1BF51F0-DFA3-4DD3-B672-9FDE91EF51C3}.Debug|x64.Build.0 = Debug|Any CPU
		{B1BF51F0-DFA3-4DD3-B672-9FDE91EF51C3}.Debug|x86.ActiveCfg = Debug|Any CPU
		{B1BF51F0-DFA3-4DD3-B672-9FDE91EF51C3}.Debug|x86.Build.0 = Debug|Any CPU
		{B1BF51F0-DFA3-4DD3-B672-9FDE91EF51C3}.Release|Any CPU.ActiveCfg = Release|Any CPU
		{B1BF51F0-DFA3-4DD3-B672-9FDE91EF51C3}.Release|Any CPU.Build.0 = Release|Any CPU
		{B1BF51F0-DFA3-4DD3-B672-9FDE91EF51C3}.Release|x64.ActiveCfg = Release|Any CPU
		{B1BF51F0-DFA3-4DD3-B672-9FDE91EF51C3}.Release|x64.Build.0 = Release|Any CPU
		{B1BF51F0-DFA3-4DD3-B672-9FDE91EF51C3}.Release|x86.ActiveCfg = Release|Any CPU
		{B1BF51F0-DFA3-4DD3-B672-9FDE91EF51C3}.Release|x86.Build.0 = Release|Any CPU
		{F150A5AF-23BC-420A-B782-B4C6F88F9512}.Debug|Any CPU.ActiveCfg = Debug|Any CPU
		{F150A5AF-23BC-420A-B782-B4C6F88F9512}.Debug|Any CPU.Build.0 = Debug|Any CPU
		{F150A5AF-23BC-420A-B782-B4C6F88F9512}.Debug|x64.ActiveCfg = Debug|Any CPU
		{F150A5AF-23BC-420A-B782-B4C6F88F9512}.Debug|x64.Build.0 = Debug|Any CPU
		{F150A5AF-23BC-420A-B782-B4C6F88F9512}.Debug|x86.ActiveCfg = Debug|Any CPU
		{F150A5AF-23BC-420A-B782-B4C6F88F9512}.Debug|x86.Build.0 = Debug|Any CPU
		{F150A5AF-23BC-420A-B782-B4C6F88F9512}.Release|Any CPU.ActiveCfg = Release|Any CPU
		{F150A5AF-23BC-420A-B782-B4C6F88F9512}.Release|Any CPU.Build.0 = Release|Any CPU
		{F150A5AF-23BC-420A-B782-B4C6F88F9512}.Release|x64.ActiveCfg = Release|Any CPU
		{F150A5AF-23BC-420A-B782-B4C6F88F9512}.Release|x64.Build.0 = Release|Any CPU
		{F150A5AF-23BC-420A-B782-B4C6F88F9512}.Release|x86.ActiveCfg = Release|Any CPU
		{F150A5AF-23BC-420A-B782-B4C6F88F9512}.Release|x86.Build.0 = Release|Any CPU
		{D162185D-CEF7-4160-8F60-E9EF7A560C97}.Debug|Any CPU.ActiveCfg = Debug|Any CPU
		{D162185D-CEF7-4160-8F60-E9EF7A560C97}.Debug|Any CPU.Build.0 = Debug|Any CPU
		{D162185D-CEF7-4160-8F60-E9EF7A560C97}.Debug|x64.ActiveCfg = Debug|Any CPU
		{D162185D-CEF7-4160-8F60-E9EF7A560C97}.Debug|x64.Build.0 = Debug|Any CPU
		{D162185D-CEF7-4160-8F60-E9EF7A560C97}.Debug|x86.ActiveCfg = Debug|Any CPU
		{D162185D-CEF7-4160-8F60-E9EF7A560C97}.Debug|x86.Build.0 = Debug|Any CPU
		{D162185D-CEF7-4160-8F60-E9EF7A560C97}.Release|Any CPU.ActiveCfg = Release|Any CPU
		{D162185D-CEF7-4160-8F60-E9EF7A560C97}.Release|Any CPU.Build.0 = Release|Any CPU
		{D162185D-CEF7-4160-8F60-E9EF7A560C97}.Release|x64.ActiveCfg = Release|Any CPU
		{D162185D-CEF7-4160-8F60-E9EF7A560C97}.Release|x64.Build.0 = Release|Any CPU
		{D162185D-CEF7-4160-8F60-E9EF7A560C97}.Release|x86.ActiveCfg = Release|Any CPU
		{D162185D-CEF7-4160-8F60-E9EF7A560C97}.Release|x86.Build.0 = Release|Any CPU
		{D6CAFCA3-DB5F-476B-8643-057A16FD0114}.Debug|Any CPU.ActiveCfg = Debug|Any CPU
		{D6CAFCA3-DB5F-476B-8643-057A16FD0114}.Debug|Any CPU.Build.0 = Debug|Any CPU
		{D6CAFCA3-DB5F-476B-8643-057A16FD0114}.Debug|x64.ActiveCfg = Debug|Any CPU
		{D6CAFCA3-DB5F-476B-8643-057A16FD0114}.Debug|x64.Build.0 = Debug|Any CPU
		{D6CAFCA3-DB5F-476B-8643-057A16FD0114}.Debug|x86.ActiveCfg = Debug|Any CPU
		{D6CAFCA3-DB5F-476B-8643-057A16FD0114}.Debug|x86.Build.0 = Debug|Any CPU
		{D6CAFCA3-DB5F-476B-8643-057A16FD0114}.Release|Any CPU.ActiveCfg = Release|Any CPU
		{D6CAFCA3-DB5F-476B-8643-057A16FD0114}.Release|Any CPU.Build.0 = Release|Any CPU
		{D6CAFCA3-DB5F-476B-8643-057A16FD0114}.Release|x64.ActiveCfg = Release|Any CPU
		{D6CAFCA3-DB5F-476B-8643-057A16FD0114}.Release|x64.Build.0 = Release|Any CPU
		{D6CAFCA3-DB5F-476B-8643-057A16FD0114}.Release|x86.ActiveCfg = Release|Any CPU
		{D6CAFCA3-DB5F-476B-8643-057A16FD0114}.Release|x86.Build.0 = Release|Any CPU
		{C07DF10D-7DD1-483D-AF39-CD10B38EECE7}.Debug|Any CPU.ActiveCfg = Debug|Any CPU
		{C07DF10D-7DD1-483D-AF39-CD10B38EECE7}.Debug|Any CPU.Build.0 = Debug|Any CPU
		{C07DF10D-7DD1-483D-AF39-CD10B38EECE7}.Debug|x64.ActiveCfg = Debug|Any CPU
		{C07DF10D-7DD1-483D-AF39-CD10B38EECE7}.Debug|x64.Build.0 = Debug|Any CPU
		{C07DF10D-7DD1-483D-AF39-CD10B38EECE7}.Debug|x86.ActiveCfg = Debug|Any CPU
		{C07DF10D-7DD1-483D-AF39-CD10B38EECE7}.Debug|x86.Build.0 = Debug|Any CPU
		{C07DF10D-7DD1-483D-AF39-CD10B38EECE7}.Release|Any CPU.ActiveCfg = Release|Any CPU
		{C07DF10D-7DD1-483D-AF39-CD10B38EECE7}.Release|Any CPU.Build.0 = Release|Any CPU
		{C07DF10D-7DD1-483D-AF39-CD10B38EECE7}.Release|x64.ActiveCfg = Release|Any CPU
		{C07DF10D-7DD1-483D-AF39-CD10B38EECE7}.Release|x64.Build.0 = Release|Any CPU
		{C07DF10D-7DD1-483D-AF39-CD10B38EECE7}.Release|x86.ActiveCfg = Release|Any CPU
		{C07DF10D-7DD1-483D-AF39-CD10B38EECE7}.Release|x86.Build.0 = Release|Any CPU
		{FA2F0F7D-0A3B-42E6-AF0E-D539F56647B3}.Debug|Any CPU.ActiveCfg = Debug|Any CPU
		{FA2F0F7D-0A3B-42E6-AF0E-D539F56647B3}.Debug|Any CPU.Build.0 = Debug|Any CPU
		{FA2F0F7D-0A3B-42E6-AF0E-D539F56647B3}.Debug|x64.ActiveCfg = Debug|Any CPU
		{FA2F0F7D-0A3B-42E6-AF0E-D539F56647B3}.Debug|x64.Build.0 = Debug|Any CPU
		{FA2F0F7D-0A3B-42E6-AF0E-D539F56647B3}.Debug|x86.ActiveCfg = Debug|Any CPU
		{FA2F0F7D-0A3B-42E6-AF0E-D539F56647B3}.Debug|x86.Build.0 = Debug|Any CPU
		{FA2F0F7D-0A3B-42E6-AF0E-D539F56647B3}.Release|Any CPU.ActiveCfg = Release|Any CPU
		{FA2F0F7D-0A3B-42E6-AF0E-D539F56647B3}.Release|Any CPU.Build.0 = Release|Any CPU
		{FA2F0F7D-0A3B-42E6-AF0E-D539F56647B3}.Release|x64.ActiveCfg = Release|Any CPU
		{FA2F0F7D-0A3B-42E6-AF0E-D539F56647B3}.Release|x64.Build.0 = Release|Any CPU
		{FA2F0F7D-0A3B-42E6-AF0E-D539F56647B3}.Release|x86.ActiveCfg = Release|Any CPU
		{FA2F0F7D-0A3B-42E6-AF0E-D539F56647B3}.Release|x86.Build.0 = Release|Any CPU
		{AFDA1854-0128-4801-B6F5-7C2494490D38}.Debug|Any CPU.ActiveCfg = Debug|Any CPU
		{AFDA1854-0128-4801-B6F5-7C2494490D38}.Debug|Any CPU.Build.0 = Debug|Any CPU
		{AFDA1854-0128-4801-B6F5-7C2494490D38}.Debug|x64.ActiveCfg = Debug|Any CPU
		{AFDA1854-0128-4801-B6F5-7C2494490D38}.Debug|x64.Build.0 = Debug|Any CPU
		{AFDA1854-0128-4801-B6F5-7C2494490D38}.Debug|x86.ActiveCfg = Debug|Any CPU
		{AFDA1854-0128-4801-B6F5-7C2494490D38}.Debug|x86.Build.0 = Debug|Any CPU
		{AFDA1854-0128-4801-B6F5-7C2494490D38}.Release|Any CPU.ActiveCfg = Release|Any CPU
		{AFDA1854-0128-4801-B6F5-7C2494490D38}.Release|Any CPU.Build.0 = Release|Any CPU
		{AFDA1854-0128-4801-B6F5-7C2494490D38}.Release|x64.ActiveCfg = Release|Any CPU
		{AFDA1854-0128-4801-B6F5-7C2494490D38}.Release|x64.Build.0 = Release|Any CPU
		{AFDA1854-0128-4801-B6F5-7C2494490D38}.Release|x86.ActiveCfg = Release|Any CPU
		{AFDA1854-0128-4801-B6F5-7C2494490D38}.Release|x86.Build.0 = Release|Any CPU
		{8F4E9A41-747E-4133-96F7-DA1122BD7B3C}.Debug|Any CPU.ActiveCfg = Debug|Any CPU
		{8F4E9A41-747E-4133-96F7-DA1122BD7B3C}.Debug|Any CPU.Build.0 = Debug|Any CPU
		{8F4E9A41-747E-4133-96F7-DA1122BD7B3C}.Debug|x64.ActiveCfg = Debug|Any CPU
		{8F4E9A41-747E-4133-96F7-DA1122BD7B3C}.Debug|x64.Build.0 = Debug|Any CPU
		{8F4E9A41-747E-4133-96F7-DA1122BD7B3C}.Debug|x86.ActiveCfg = Debug|Any CPU
		{8F4E9A41-747E-4133-96F7-DA1122BD7B3C}.Debug|x86.Build.0 = Debug|Any CPU
		{8F4E9A41-747E-4133-96F7-DA1122BD7B3C}.Release|Any CPU.ActiveCfg = Release|Any CPU
		{8F4E9A41-747E-4133-96F7-DA1122BD7B3C}.Release|Any CPU.Build.0 = Release|Any CPU
		{8F4E9A41-747E-4133-96F7-DA1122BD7B3C}.Release|x64.ActiveCfg = Release|Any CPU
		{8F4E9A41-747E-4133-96F7-DA1122BD7B3C}.Release|x64.Build.0 = Release|Any CPU
		{8F4E9A41-747E-4133-96F7-DA1122BD7B3C}.Release|x86.ActiveCfg = Release|Any CPU
		{8F4E9A41-747E-4133-96F7-DA1122BD7B3C}.Release|x86.Build.0 = Release|Any CPU
		{FB4B1060-4435-4F9E-9F83-B926BF60F79B}.Debug|Any CPU.ActiveCfg = Debug|Any CPU
		{FB4B1060-4435-4F9E-9F83-B926BF60F79B}.Debug|Any CPU.Build.0 = Debug|Any CPU
		{FB4B1060-4435-4F9E-9F83-B926BF60F79B}.Debug|x64.ActiveCfg = Debug|Any CPU
		{FB4B1060-4435-4F9E-9F83-B926BF60F79B}.Debug|x64.Build.0 = Debug|Any CPU
		{FB4B1060-4435-4F9E-9F83-B926BF60F79B}.Debug|x86.ActiveCfg = Debug|Any CPU
		{FB4B1060-4435-4F9E-9F83-B926BF60F79B}.Debug|x86.Build.0 = Debug|Any CPU
		{FB4B1060-4435-4F9E-9F83-B926BF60F79B}.Release|Any CPU.ActiveCfg = Release|Any CPU
		{FB4B1060-4435-4F9E-9F83-B926BF60F79B}.Release|Any CPU.Build.0 = Release|Any CPU
		{FB4B1060-4435-4F9E-9F83-B926BF60F79B}.Release|x64.ActiveCfg = Release|Any CPU
		{FB4B1060-4435-4F9E-9F83-B926BF60F79B}.Release|x64.Build.0 = Release|Any CPU
		{FB4B1060-4435-4F9E-9F83-B926BF60F79B}.Release|x86.ActiveCfg = Release|Any CPU
		{FB4B1060-4435-4F9E-9F83-B926BF60F79B}.Release|x86.Build.0 = Release|Any CPU
		{522EF56D-387D-4C89-9A2C-F0E89B723490}.Debug|Any CPU.ActiveCfg = Debug|Any CPU
		{522EF56D-387D-4C89-9A2C-F0E89B723490}.Debug|Any CPU.Build.0 = Debug|Any CPU
		{522EF56D-387D-4C89-9A2C-F0E89B723490}.Debug|x64.ActiveCfg = Debug|Any CPU
		{522EF56D-387D-4C89-9A2C-F0E89B723490}.Debug|x64.Build.0 = Debug|Any CPU
		{522EF56D-387D-4C89-9A2C-F0E89B723490}.Debug|x86.ActiveCfg = Debug|Any CPU
		{522EF56D-387D-4C89-9A2C-F0E89B723490}.Debug|x86.Build.0 = Debug|Any CPU
		{522EF56D-387D-4C89-9A2C-F0E89B723490}.Release|Any CPU.ActiveCfg = Release|Any CPU
		{522EF56D-387D-4C89-9A2C-F0E89B723490}.Release|Any CPU.Build.0 = Release|Any CPU
		{522EF56D-387D-4C89-9A2C-F0E89B723490}.Release|x64.ActiveCfg = Release|Any CPU
		{522EF56D-387D-4C89-9A2C-F0E89B723490}.Release|x64.Build.0 = Release|Any CPU
		{522EF56D-387D-4C89-9A2C-F0E89B723490}.Release|x86.ActiveCfg = Release|Any CPU
		{522EF56D-387D-4C89-9A2C-F0E89B723490}.Release|x86.Build.0 = Release|Any CPU
		{31D2DA7D-A4C8-4280-B92E-24351D4DAC2F}.Debug|Any CPU.ActiveCfg = Debug|Any CPU
		{31D2DA7D-A4C8-4280-B92E-24351D4DAC2F}.Debug|Any CPU.Build.0 = Debug|Any CPU
		{31D2DA7D-A4C8-4280-B92E-24351D4DAC2F}.Debug|x64.ActiveCfg = Debug|Any CPU
		{31D2DA7D-A4C8-4280-B92E-24351D4DAC2F}.Debug|x64.Build.0 = Debug|Any CPU
		{31D2DA7D-A4C8-4280-B92E-24351D4DAC2F}.Debug|x86.ActiveCfg = Debug|Any CPU
		{31D2DA7D-A4C8-4280-B92E-24351D4DAC2F}.Debug|x86.Build.0 = Debug|Any CPU
		{31D2DA7D-A4C8-4280-B92E-24351D4DAC2F}.Release|Any CPU.ActiveCfg = Release|Any CPU
		{31D2DA7D-A4C8-4280-B92E-24351D4DAC2F}.Release|Any CPU.Build.0 = Release|Any CPU
		{31D2DA7D-A4C8-4280-B92E-24351D4DAC2F}.Release|x64.ActiveCfg = Release|Any CPU
		{31D2DA7D-A4C8-4280-B92E-24351D4DAC2F}.Release|x64.Build.0 = Release|Any CPU
		{31D2DA7D-A4C8-4280-B92E-24351D4DAC2F}.Release|x86.ActiveCfg = Release|Any CPU
		{31D2DA7D-A4C8-4280-B92E-24351D4DAC2F}.Release|x86.Build.0 = Release|Any CPU
		{CA769FFC-19A6-4909-BE8A-99114ECD0A62}.Debug|Any CPU.ActiveCfg = Debug|Any CPU
		{CA769FFC-19A6-4909-BE8A-99114ECD0A62}.Debug|Any CPU.Build.0 = Debug|Any CPU
		{CA769FFC-19A6-4909-BE8A-99114ECD0A62}.Debug|x64.ActiveCfg = Debug|Any CPU
		{CA769FFC-19A6-4909-BE8A-99114ECD0A62}.Debug|x64.Build.0 = Debug|Any CPU
		{CA769FFC-19A6-4909-BE8A-99114ECD0A62}.Debug|x86.ActiveCfg = Debug|Any CPU
		{CA769FFC-19A6-4909-BE8A-99114ECD0A62}.Debug|x86.Build.0 = Debug|Any CPU
		{CA769FFC-19A6-4909-BE8A-99114ECD0A62}.Release|Any CPU.ActiveCfg = Release|Any CPU
		{CA769FFC-19A6-4909-BE8A-99114ECD0A62}.Release|Any CPU.Build.0 = Release|Any CPU
		{CA769FFC-19A6-4909-BE8A-99114ECD0A62}.Release|x64.ActiveCfg = Release|Any CPU
		{CA769FFC-19A6-4909-BE8A-99114ECD0A62}.Release|x64.Build.0 = Release|Any CPU
		{CA769FFC-19A6-4909-BE8A-99114ECD0A62}.Release|x86.ActiveCfg = Release|Any CPU
		{CA769FFC-19A6-4909-BE8A-99114ECD0A62}.Release|x86.Build.0 = Release|Any CPU
		{0CE3D262-2AA8-4DF4-837D-B9C6071B86B3}.Debug|Any CPU.ActiveCfg = Debug|Any CPU
		{0CE3D262-2AA8-4DF4-837D-B9C6071B86B3}.Debug|Any CPU.Build.0 = Debug|Any CPU
		{0CE3D262-2AA8-4DF4-837D-B9C6071B86B3}.Debug|x64.ActiveCfg = Debug|Any CPU
		{0CE3D262-2AA8-4DF4-837D-B9C6071B86B3}.Debug|x64.Build.0 = Debug|Any CPU
		{0CE3D262-2AA8-4DF4-837D-B9C6071B86B3}.Debug|x86.ActiveCfg = Debug|Any CPU
		{0CE3D262-2AA8-4DF4-837D-B9C6071B86B3}.Debug|x86.Build.0 = Debug|Any CPU
		{0CE3D262-2AA8-4DF4-837D-B9C6071B86B3}.Release|Any CPU.ActiveCfg = Release|Any CPU
		{0CE3D262-2AA8-4DF4-837D-B9C6071B86B3}.Release|Any CPU.Build.0 = Release|Any CPU
		{0CE3D262-2AA8-4DF4-837D-B9C6071B86B3}.Release|x64.ActiveCfg = Release|Any CPU
		{0CE3D262-2AA8-4DF4-837D-B9C6071B86B3}.Release|x64.Build.0 = Release|Any CPU
		{0CE3D262-2AA8-4DF4-837D-B9C6071B86B3}.Release|x86.ActiveCfg = Release|Any CPU
		{0CE3D262-2AA8-4DF4-837D-B9C6071B86B3}.Release|x86.Build.0 = Release|Any CPU
		{8D521BDE-16D9-4715-88D8-E50A78DF5713}.Debug|Any CPU.ActiveCfg = Debug|Any CPU
		{8D521BDE-16D9-4715-88D8-E50A78DF5713}.Debug|Any CPU.Build.0 = Debug|Any CPU
		{8D521BDE-16D9-4715-88D8-E50A78DF5713}.Debug|x64.ActiveCfg = Debug|Any CPU
		{8D521BDE-16D9-4715-88D8-E50A78DF5713}.Debug|x64.Build.0 = Debug|Any CPU
		{8D521BDE-16D9-4715-88D8-E50A78DF5713}.Debug|x86.ActiveCfg = Debug|Any CPU
		{8D521BDE-16D9-4715-88D8-E50A78DF5713}.Debug|x86.Build.0 = Debug|Any CPU
		{8D521BDE-16D9-4715-88D8-E50A78DF5713}.Release|Any CPU.ActiveCfg = Release|Any CPU
		{8D521BDE-16D9-4715-88D8-E50A78DF5713}.Release|Any CPU.Build.0 = Release|Any CPU
		{8D521BDE-16D9-4715-88D8-E50A78DF5713}.Release|x64.ActiveCfg = Release|Any CPU
		{8D521BDE-16D9-4715-88D8-E50A78DF5713}.Release|x64.Build.0 = Release|Any CPU
		{8D521BDE-16D9-4715-88D8-E50A78DF5713}.Release|x86.ActiveCfg = Release|Any CPU
		{8D521BDE-16D9-4715-88D8-E50A78DF5713}.Release|x86.Build.0 = Release|Any CPU
		{7E57A4E6-DA08-44F7-96C8-AF06E7180E41}.Debug|Any CPU.ActiveCfg = Debug|Any CPU
		{7E57A4E6-DA08-44F7-96C8-AF06E7180E41}.Debug|Any CPU.Build.0 = Debug|Any CPU
		{7E57A4E6-DA08-44F7-96C8-AF06E7180E41}.Debug|x64.ActiveCfg = Debug|Any CPU
		{7E57A4E6-DA08-44F7-96C8-AF06E7180E41}.Debug|x64.Build.0 = Debug|Any CPU
		{7E57A4E6-DA08-44F7-96C8-AF06E7180E41}.Debug|x86.ActiveCfg = Debug|Any CPU
		{7E57A4E6-DA08-44F7-96C8-AF06E7180E41}.Debug|x86.Build.0 = Debug|Any CPU
		{7E57A4E6-DA08-44F7-96C8-AF06E7180E41}.Release|Any CPU.ActiveCfg = Release|Any CPU
		{7E57A4E6-DA08-44F7-96C8-AF06E7180E41}.Release|Any CPU.Build.0 = Release|Any CPU
		{7E57A4E6-DA08-44F7-96C8-AF06E7180E41}.Release|x64.ActiveCfg = Release|Any CPU
		{7E57A4E6-DA08-44F7-96C8-AF06E7180E41}.Release|x64.Build.0 = Release|Any CPU
		{7E57A4E6-DA08-44F7-96C8-AF06E7180E41}.Release|x86.ActiveCfg = Release|Any CPU
		{7E57A4E6-DA08-44F7-96C8-AF06E7180E41}.Release|x86.Build.0 = Release|Any CPU
		{B4479087-3435-42DA-88B1-7D32C7358EB9}.Debug|Any CPU.ActiveCfg = Debug|Any CPU
		{B4479087-3435-42DA-88B1-7D32C7358EB9}.Debug|Any CPU.Build.0 = Debug|Any CPU
		{B4479087-3435-42DA-88B1-7D32C7358EB9}.Debug|x64.ActiveCfg = Debug|Any CPU
		{B4479087-3435-42DA-88B1-7D32C7358EB9}.Debug|x64.Build.0 = Debug|Any CPU
		{B4479087-3435-42DA-88B1-7D32C7358EB9}.Debug|x86.ActiveCfg = Debug|Any CPU
		{B4479087-3435-42DA-88B1-7D32C7358EB9}.Debug|x86.Build.0 = Debug|Any CPU
		{B4479087-3435-42DA-88B1-7D32C7358EB9}.Release|Any CPU.ActiveCfg = Release|Any CPU
		{B4479087-3435-42DA-88B1-7D32C7358EB9}.Release|Any CPU.Build.0 = Release|Any CPU
		{B4479087-3435-42DA-88B1-7D32C7358EB9}.Release|x64.ActiveCfg = Release|Any CPU
		{B4479087-3435-42DA-88B1-7D32C7358EB9}.Release|x64.Build.0 = Release|Any CPU
		{B4479087-3435-42DA-88B1-7D32C7358EB9}.Release|x86.ActiveCfg = Release|Any CPU
		{B4479087-3435-42DA-88B1-7D32C7358EB9}.Release|x86.Build.0 = Release|Any CPU
		{B98F9496-15C3-4F82-9DA7-02500E09BFAE}.Debug|Any CPU.ActiveCfg = Debug|Any CPU
		{B98F9496-15C3-4F82-9DA7-02500E09BFAE}.Debug|Any CPU.Build.0 = Debug|Any CPU
		{B98F9496-15C3-4F82-9DA7-02500E09BFAE}.Debug|x64.ActiveCfg = Debug|Any CPU
		{B98F9496-15C3-4F82-9DA7-02500E09BFAE}.Debug|x64.Build.0 = Debug|Any CPU
		{B98F9496-15C3-4F82-9DA7-02500E09BFAE}.Debug|x86.ActiveCfg = Debug|Any CPU
		{B98F9496-15C3-4F82-9DA7-02500E09BFAE}.Debug|x86.Build.0 = Debug|Any CPU
		{B98F9496-15C3-4F82-9DA7-02500E09BFAE}.Release|Any CPU.ActiveCfg = Release|Any CPU
		{B98F9496-15C3-4F82-9DA7-02500E09BFAE}.Release|Any CPU.Build.0 = Release|Any CPU
		{B98F9496-15C3-4F82-9DA7-02500E09BFAE}.Release|x64.ActiveCfg = Release|Any CPU
		{B98F9496-15C3-4F82-9DA7-02500E09BFAE}.Release|x64.Build.0 = Release|Any CPU
		{B98F9496-15C3-4F82-9DA7-02500E09BFAE}.Release|x86.ActiveCfg = Release|Any CPU
		{B98F9496-15C3-4F82-9DA7-02500E09BFAE}.Release|x86.Build.0 = Release|Any CPU
		{06C45A6D-D821-46DE-BB89-0AE56C3DC96C}.Debug|Any CPU.ActiveCfg = Debug|Any CPU
		{06C45A6D-D821-46DE-BB89-0AE56C3DC96C}.Debug|Any CPU.Build.0 = Debug|Any CPU
		{06C45A6D-D821-46DE-BB89-0AE56C3DC96C}.Debug|x64.ActiveCfg = Debug|Any CPU
		{06C45A6D-D821-46DE-BB89-0AE56C3DC96C}.Debug|x64.Build.0 = Debug|Any CPU
		{06C45A6D-D821-46DE-BB89-0AE56C3DC96C}.Debug|x86.ActiveCfg = Debug|Any CPU
		{06C45A6D-D821-46DE-BB89-0AE56C3DC96C}.Debug|x86.Build.0 = Debug|Any CPU
		{06C45A6D-D821-46DE-BB89-0AE56C3DC96C}.Release|Any CPU.ActiveCfg = Release|Any CPU
		{06C45A6D-D821-46DE-BB89-0AE56C3DC96C}.Release|Any CPU.Build.0 = Release|Any CPU
		{06C45A6D-D821-46DE-BB89-0AE56C3DC96C}.Release|x64.ActiveCfg = Release|Any CPU
		{06C45A6D-D821-46DE-BB89-0AE56C3DC96C}.Release|x64.Build.0 = Release|Any CPU
		{06C45A6D-D821-46DE-BB89-0AE56C3DC96C}.Release|x86.ActiveCfg = Release|Any CPU
		{06C45A6D-D821-46DE-BB89-0AE56C3DC96C}.Release|x86.Build.0 = Release|Any CPU
		{8D6C609D-32FD-4719-BDB1-587343AE4894}.Debug|Any CPU.ActiveCfg = Debug|Any CPU
		{8D6C609D-32FD-4719-BDB1-587343AE4894}.Debug|Any CPU.Build.0 = Debug|Any CPU
		{8D6C609D-32FD-4719-BDB1-587343AE4894}.Debug|x64.ActiveCfg = Debug|Any CPU
		{8D6C609D-32FD-4719-BDB1-587343AE4894}.Debug|x64.Build.0 = Debug|Any CPU
		{8D6C609D-32FD-4719-BDB1-587343AE4894}.Debug|x86.ActiveCfg = Debug|Any CPU
		{8D6C609D-32FD-4719-BDB1-587343AE4894}.Debug|x86.Build.0 = Debug|Any CPU
		{8D6C609D-32FD-4719-BDB1-587343AE4894}.Release|Any CPU.ActiveCfg = Release|Any CPU
		{8D6C609D-32FD-4719-BDB1-587343AE4894}.Release|Any CPU.Build.0 = Release|Any CPU
		{8D6C609D-32FD-4719-BDB1-587343AE4894}.Release|x64.ActiveCfg = Release|Any CPU
		{8D6C609D-32FD-4719-BDB1-587343AE4894}.Release|x64.Build.0 = Release|Any CPU
		{8D6C609D-32FD-4719-BDB1-587343AE4894}.Release|x86.ActiveCfg = Release|Any CPU
		{8D6C609D-32FD-4719-BDB1-587343AE4894}.Release|x86.Build.0 = Release|Any CPU
		{EF05C823-3EF0-432F-AF05-D8C33BCA00AD}.Debug|Any CPU.ActiveCfg = Debug|Any CPU
		{EF05C823-3EF0-432F-AF05-D8C33BCA00AD}.Debug|Any CPU.Build.0 = Debug|Any CPU
		{EF05C823-3EF0-432F-AF05-D8C33BCA00AD}.Debug|x64.ActiveCfg = Debug|Any CPU
		{EF05C823-3EF0-432F-AF05-D8C33BCA00AD}.Debug|x64.Build.0 = Debug|Any CPU
		{EF05C823-3EF0-432F-AF05-D8C33BCA00AD}.Debug|x86.ActiveCfg = Debug|Any CPU
		{EF05C823-3EF0-432F-AF05-D8C33BCA00AD}.Debug|x86.Build.0 = Debug|Any CPU
		{EF05C823-3EF0-432F-AF05-D8C33BCA00AD}.Release|Any CPU.ActiveCfg = Release|Any CPU
		{EF05C823-3EF0-432F-AF05-D8C33BCA00AD}.Release|Any CPU.Build.0 = Release|Any CPU
		{EF05C823-3EF0-432F-AF05-D8C33BCA00AD}.Release|x64.ActiveCfg = Release|Any CPU
		{EF05C823-3EF0-432F-AF05-D8C33BCA00AD}.Release|x64.Build.0 = Release|Any CPU
		{EF05C823-3EF0-432F-AF05-D8C33BCA00AD}.Release|x86.ActiveCfg = Release|Any CPU
		{EF05C823-3EF0-432F-AF05-D8C33BCA00AD}.Release|x86.Build.0 = Release|Any CPU
		{1C5101BC-E173-4EBB-9125-2EE833F0EFD6}.Debug|Any CPU.ActiveCfg = Debug|Any CPU
		{1C5101BC-E173-4EBB-9125-2EE833F0EFD6}.Debug|Any CPU.Build.0 = Debug|Any CPU
		{1C5101BC-E173-4EBB-9125-2EE833F0EFD6}.Debug|x64.ActiveCfg = Debug|Any CPU
		{1C5101BC-E173-4EBB-9125-2EE833F0EFD6}.Debug|x64.Build.0 = Debug|Any CPU
		{1C5101BC-E173-4EBB-9125-2EE833F0EFD6}.Debug|x86.ActiveCfg = Debug|Any CPU
		{1C5101BC-E173-4EBB-9125-2EE833F0EFD6}.Debug|x86.Build.0 = Debug|Any CPU
		{1C5101BC-E173-4EBB-9125-2EE833F0EFD6}.Release|Any CPU.ActiveCfg = Release|Any CPU
		{1C5101BC-E173-4EBB-9125-2EE833F0EFD6}.Release|Any CPU.Build.0 = Release|Any CPU
		{1C5101BC-E173-4EBB-9125-2EE833F0EFD6}.Release|x64.ActiveCfg = Release|Any CPU
		{1C5101BC-E173-4EBB-9125-2EE833F0EFD6}.Release|x64.Build.0 = Release|Any CPU
		{1C5101BC-E173-4EBB-9125-2EE833F0EFD6}.Release|x86.ActiveCfg = Release|Any CPU
		{1C5101BC-E173-4EBB-9125-2EE833F0EFD6}.Release|x86.Build.0 = Release|Any CPU
		{216337C6-87E7-4994-9789-8C5385CE8E81}.Debug|Any CPU.ActiveCfg = Debug|Any CPU
		{216337C6-87E7-4994-9789-8C5385CE8E81}.Debug|Any CPU.Build.0 = Debug|Any CPU
		{216337C6-87E7-4994-9789-8C5385CE8E81}.Debug|x64.ActiveCfg = Debug|Any CPU
		{216337C6-87E7-4994-9789-8C5385CE8E81}.Debug|x64.Build.0 = Debug|Any CPU
		{216337C6-87E7-4994-9789-8C5385CE8E81}.Debug|x86.ActiveCfg = Debug|Any CPU
		{216337C6-87E7-4994-9789-8C5385CE8E81}.Debug|x86.Build.0 = Debug|Any CPU
		{216337C6-87E7-4994-9789-8C5385CE8E81}.Release|Any CPU.ActiveCfg = Release|Any CPU
		{216337C6-87E7-4994-9789-8C5385CE8E81}.Release|Any CPU.Build.0 = Release|Any CPU
		{216337C6-87E7-4994-9789-8C5385CE8E81}.Release|x64.ActiveCfg = Release|Any CPU
		{216337C6-87E7-4994-9789-8C5385CE8E81}.Release|x64.Build.0 = Release|Any CPU
		{216337C6-87E7-4994-9789-8C5385CE8E81}.Release|x86.ActiveCfg = Release|Any CPU
		{216337C6-87E7-4994-9789-8C5385CE8E81}.Release|x86.Build.0 = Release|Any CPU
		{3E79CF0C-74BC-4E43-B1AF-A2F97D668FC4}.Debug|Any CPU.ActiveCfg = Debug|Any CPU
		{3E79CF0C-74BC-4E43-B1AF-A2F97D668FC4}.Debug|Any CPU.Build.0 = Debug|Any CPU
		{3E79CF0C-74BC-4E43-B1AF-A2F97D668FC4}.Debug|x64.ActiveCfg = Debug|Any CPU
		{3E79CF0C-74BC-4E43-B1AF-A2F97D668FC4}.Debug|x64.Build.0 = Debug|Any CPU
		{3E79CF0C-74BC-4E43-B1AF-A2F97D668FC4}.Debug|x86.ActiveCfg = Debug|Any CPU
		{3E79CF0C-74BC-4E43-B1AF-A2F97D668FC4}.Debug|x86.Build.0 = Debug|Any CPU
		{3E79CF0C-74BC-4E43-B1AF-A2F97D668FC4}.Release|Any CPU.ActiveCfg = Release|Any CPU
		{3E79CF0C-74BC-4E43-B1AF-A2F97D668FC4}.Release|Any CPU.Build.0 = Release|Any CPU
		{3E79CF0C-74BC-4E43-B1AF-A2F97D668FC4}.Release|x64.ActiveCfg = Release|Any CPU
		{3E79CF0C-74BC-4E43-B1AF-A2F97D668FC4}.Release|x64.Build.0 = Release|Any CPU
		{3E79CF0C-74BC-4E43-B1AF-A2F97D668FC4}.Release|x86.ActiveCfg = Release|Any CPU
		{3E79CF0C-74BC-4E43-B1AF-A2F97D668FC4}.Release|x86.Build.0 = Release|Any CPU
		{61390C80-5789-4A08-AA18-B51D4E3E9249}.Debug|Any CPU.ActiveCfg = Debug|Any CPU
		{61390C80-5789-4A08-AA18-B51D4E3E9249}.Debug|Any CPU.Build.0 = Debug|Any CPU
		{61390C80-5789-4A08-AA18-B51D4E3E9249}.Debug|x64.ActiveCfg = Debug|Any CPU
		{61390C80-5789-4A08-AA18-B51D4E3E9249}.Debug|x64.Build.0 = Debug|Any CPU
		{61390C80-5789-4A08-AA18-B51D4E3E9249}.Debug|x86.ActiveCfg = Debug|Any CPU
		{61390C80-5789-4A08-AA18-B51D4E3E9249}.Debug|x86.Build.0 = Debug|Any CPU
		{61390C80-5789-4A08-AA18-B51D4E3E9249}.Release|Any CPU.ActiveCfg = Release|Any CPU
		{61390C80-5789-4A08-AA18-B51D4E3E9249}.Release|Any CPU.Build.0 = Release|Any CPU
		{61390C80-5789-4A08-AA18-B51D4E3E9249}.Release|x64.ActiveCfg = Release|Any CPU
		{61390C80-5789-4A08-AA18-B51D4E3E9249}.Release|x64.Build.0 = Release|Any CPU
		{61390C80-5789-4A08-AA18-B51D4E3E9249}.Release|x86.ActiveCfg = Release|Any CPU
		{61390C80-5789-4A08-AA18-B51D4E3E9249}.Release|x86.Build.0 = Release|Any CPU
		{3691998E-2F86-4007-BCBE-9356F6A34D86}.Debug|Any CPU.ActiveCfg = Debug|Any CPU
		{3691998E-2F86-4007-BCBE-9356F6A34D86}.Debug|Any CPU.Build.0 = Debug|Any CPU
		{3691998E-2F86-4007-BCBE-9356F6A34D86}.Debug|x64.ActiveCfg = Debug|Any CPU
		{3691998E-2F86-4007-BCBE-9356F6A34D86}.Debug|x64.Build.0 = Debug|Any CPU
		{3691998E-2F86-4007-BCBE-9356F6A34D86}.Debug|x86.ActiveCfg = Debug|Any CPU
		{3691998E-2F86-4007-BCBE-9356F6A34D86}.Debug|x86.Build.0 = Debug|Any CPU
		{3691998E-2F86-4007-BCBE-9356F6A34D86}.Release|Any CPU.ActiveCfg = Release|Any CPU
		{3691998E-2F86-4007-BCBE-9356F6A34D86}.Release|Any CPU.Build.0 = Release|Any CPU
		{3691998E-2F86-4007-BCBE-9356F6A34D86}.Release|x64.ActiveCfg = Release|Any CPU
		{3691998E-2F86-4007-BCBE-9356F6A34D86}.Release|x64.Build.0 = Release|Any CPU
		{3691998E-2F86-4007-BCBE-9356F6A34D86}.Release|x86.ActiveCfg = Release|Any CPU
		{3691998E-2F86-4007-BCBE-9356F6A34D86}.Release|x86.Build.0 = Release|Any CPU
		{932346D1-FF90-4EFA-AF44-CE14D43F2A40}.Debug|Any CPU.ActiveCfg = Debug|Any CPU
		{932346D1-FF90-4EFA-AF44-CE14D43F2A40}.Debug|Any CPU.Build.0 = Debug|Any CPU
		{932346D1-FF90-4EFA-AF44-CE14D43F2A40}.Debug|x64.ActiveCfg = Debug|Any CPU
		{932346D1-FF90-4EFA-AF44-CE14D43F2A40}.Debug|x64.Build.0 = Debug|Any CPU
		{932346D1-FF90-4EFA-AF44-CE14D43F2A40}.Debug|x86.ActiveCfg = Debug|Any CPU
		{932346D1-FF90-4EFA-AF44-CE14D43F2A40}.Debug|x86.Build.0 = Debug|Any CPU
		{932346D1-FF90-4EFA-AF44-CE14D43F2A40}.Release|Any CPU.ActiveCfg = Release|Any CPU
		{932346D1-FF90-4EFA-AF44-CE14D43F2A40}.Release|Any CPU.Build.0 = Release|Any CPU
		{932346D1-FF90-4EFA-AF44-CE14D43F2A40}.Release|x64.ActiveCfg = Release|Any CPU
		{932346D1-FF90-4EFA-AF44-CE14D43F2A40}.Release|x64.Build.0 = Release|Any CPU
		{932346D1-FF90-4EFA-AF44-CE14D43F2A40}.Release|x86.ActiveCfg = Release|Any CPU
		{932346D1-FF90-4EFA-AF44-CE14D43F2A40}.Release|x86.Build.0 = Release|Any CPU
		{2F134EA5-707A-463E-8B58-A74760A8F8DF}.Debug|Any CPU.ActiveCfg = Debug|Any CPU
		{2F134EA5-707A-463E-8B58-A74760A8F8DF}.Debug|Any CPU.Build.0 = Debug|Any CPU
		{2F134EA5-707A-463E-8B58-A74760A8F8DF}.Debug|x64.ActiveCfg = Debug|Any CPU
		{2F134EA5-707A-463E-8B58-A74760A8F8DF}.Debug|x64.Build.0 = Debug|Any CPU
		{2F134EA5-707A-463E-8B58-A74760A8F8DF}.Debug|x86.ActiveCfg = Debug|Any CPU
		{2F134EA5-707A-463E-8B58-A74760A8F8DF}.Debug|x86.Build.0 = Debug|Any CPU
		{2F134EA5-707A-463E-8B58-A74760A8F8DF}.Release|Any CPU.ActiveCfg = Release|Any CPU
		{2F134EA5-707A-463E-8B58-A74760A8F8DF}.Release|Any CPU.Build.0 = Release|Any CPU
		{2F134EA5-707A-463E-8B58-A74760A8F8DF}.Release|x64.ActiveCfg = Release|Any CPU
		{2F134EA5-707A-463E-8B58-A74760A8F8DF}.Release|x64.Build.0 = Release|Any CPU
		{2F134EA5-707A-463E-8B58-A74760A8F8DF}.Release|x86.ActiveCfg = Release|Any CPU
		{2F134EA5-707A-463E-8B58-A74760A8F8DF}.Release|x86.Build.0 = Release|Any CPU
		{CF7F7DFB-9192-4ABB-B7A3-74830C06BCF8}.Debug|Any CPU.ActiveCfg = Debug|Any CPU
		{CF7F7DFB-9192-4ABB-B7A3-74830C06BCF8}.Debug|Any CPU.Build.0 = Debug|Any CPU
		{CF7F7DFB-9192-4ABB-B7A3-74830C06BCF8}.Debug|x64.ActiveCfg = Debug|Any CPU
		{CF7F7DFB-9192-4ABB-B7A3-74830C06BCF8}.Debug|x64.Build.0 = Debug|Any CPU
		{CF7F7DFB-9192-4ABB-B7A3-74830C06BCF8}.Debug|x86.ActiveCfg = Debug|Any CPU
		{CF7F7DFB-9192-4ABB-B7A3-74830C06BCF8}.Debug|x86.Build.0 = Debug|Any CPU
		{CF7F7DFB-9192-4ABB-B7A3-74830C06BCF8}.Release|Any CPU.ActiveCfg = Release|Any CPU
		{CF7F7DFB-9192-4ABB-B7A3-74830C06BCF8}.Release|Any CPU.Build.0 = Release|Any CPU
		{CF7F7DFB-9192-4ABB-B7A3-74830C06BCF8}.Release|x64.ActiveCfg = Release|Any CPU
		{CF7F7DFB-9192-4ABB-B7A3-74830C06BCF8}.Release|x64.Build.0 = Release|Any CPU
		{CF7F7DFB-9192-4ABB-B7A3-74830C06BCF8}.Release|x86.ActiveCfg = Release|Any CPU
		{CF7F7DFB-9192-4ABB-B7A3-74830C06BCF8}.Release|x86.Build.0 = Release|Any CPU
		{6D9B8603-4493-4D93-BD9E-40EEDE98CAD3}.Debug|Any CPU.ActiveCfg = Debug|Any CPU
		{6D9B8603-4493-4D93-BD9E-40EEDE98CAD3}.Debug|Any CPU.Build.0 = Debug|Any CPU
		{6D9B8603-4493-4D93-BD9E-40EEDE98CAD3}.Debug|x64.ActiveCfg = Debug|Any CPU
		{6D9B8603-4493-4D93-BD9E-40EEDE98CAD3}.Debug|x64.Build.0 = Debug|Any CPU
		{6D9B8603-4493-4D93-BD9E-40EEDE98CAD3}.Debug|x86.ActiveCfg = Debug|Any CPU
		{6D9B8603-4493-4D93-BD9E-40EEDE98CAD3}.Debug|x86.Build.0 = Debug|Any CPU
		{6D9B8603-4493-4D93-BD9E-40EEDE98CAD3}.Release|Any CPU.ActiveCfg = Release|Any CPU
		{6D9B8603-4493-4D93-BD9E-40EEDE98CAD3}.Release|Any CPU.Build.0 = Release|Any CPU
		{6D9B8603-4493-4D93-BD9E-40EEDE98CAD3}.Release|x64.ActiveCfg = Release|Any CPU
		{6D9B8603-4493-4D93-BD9E-40EEDE98CAD3}.Release|x64.Build.0 = Release|Any CPU
		{6D9B8603-4493-4D93-BD9E-40EEDE98CAD3}.Release|x86.ActiveCfg = Release|Any CPU
		{6D9B8603-4493-4D93-BD9E-40EEDE98CAD3}.Release|x86.Build.0 = Release|Any CPU
		{88702800-9492-4168-BCDA-8FD8A00E06BE}.Debug|Any CPU.ActiveCfg = Debug|Any CPU
		{88702800-9492-4168-BCDA-8FD8A00E06BE}.Debug|Any CPU.Build.0 = Debug|Any CPU
		{88702800-9492-4168-BCDA-8FD8A00E06BE}.Debug|x64.ActiveCfg = Debug|Any CPU
		{88702800-9492-4168-BCDA-8FD8A00E06BE}.Debug|x64.Build.0 = Debug|Any CPU
		{88702800-9492-4168-BCDA-8FD8A00E06BE}.Debug|x86.ActiveCfg = Debug|Any CPU
		{88702800-9492-4168-BCDA-8FD8A00E06BE}.Debug|x86.Build.0 = Debug|Any CPU
		{88702800-9492-4168-BCDA-8FD8A00E06BE}.Release|Any CPU.ActiveCfg = Release|Any CPU
		{88702800-9492-4168-BCDA-8FD8A00E06BE}.Release|Any CPU.Build.0 = Release|Any CPU
		{88702800-9492-4168-BCDA-8FD8A00E06BE}.Release|x64.ActiveCfg = Release|Any CPU
		{88702800-9492-4168-BCDA-8FD8A00E06BE}.Release|x64.Build.0 = Release|Any CPU
		{88702800-9492-4168-BCDA-8FD8A00E06BE}.Release|x86.ActiveCfg = Release|Any CPU
		{88702800-9492-4168-BCDA-8FD8A00E06BE}.Release|x86.Build.0 = Release|Any CPU
		{A769CC49-1222-45F4-A641-C2BB25759549}.Debug|Any CPU.ActiveCfg = Debug|Any CPU
		{A769CC49-1222-45F4-A641-C2BB25759549}.Debug|Any CPU.Build.0 = Debug|Any CPU
		{A769CC49-1222-45F4-A641-C2BB25759549}.Debug|x64.ActiveCfg = Debug|Any CPU
		{A769CC49-1222-45F4-A641-C2BB25759549}.Debug|x64.Build.0 = Debug|Any CPU
		{A769CC49-1222-45F4-A641-C2BB25759549}.Debug|x86.ActiveCfg = Debug|Any CPU
		{A769CC49-1222-45F4-A641-C2BB25759549}.Debug|x86.Build.0 = Debug|Any CPU
		{A769CC49-1222-45F4-A641-C2BB25759549}.Release|Any CPU.ActiveCfg = Release|Any CPU
		{A769CC49-1222-45F4-A641-C2BB25759549}.Release|Any CPU.Build.0 = Release|Any CPU
		{A769CC49-1222-45F4-A641-C2BB25759549}.Release|x64.ActiveCfg = Release|Any CPU
		{A769CC49-1222-45F4-A641-C2BB25759549}.Release|x64.Build.0 = Release|Any CPU
		{A769CC49-1222-45F4-A641-C2BB25759549}.Release|x86.ActiveCfg = Release|Any CPU
		{A769CC49-1222-45F4-A641-C2BB25759549}.Release|x86.Build.0 = Release|Any CPU
		{14111810-ABF1-4E39-9CA6-A64B3DE48EEA}.Debug|Any CPU.ActiveCfg = Debug|Any CPU
		{14111810-ABF1-4E39-9CA6-A64B3DE48EEA}.Debug|Any CPU.Build.0 = Debug|Any CPU
		{14111810-ABF1-4E39-9CA6-A64B3DE48EEA}.Debug|x64.ActiveCfg = Debug|Any CPU
		{14111810-ABF1-4E39-9CA6-A64B3DE48EEA}.Debug|x64.Build.0 = Debug|Any CPU
		{14111810-ABF1-4E39-9CA6-A64B3DE48EEA}.Debug|x86.ActiveCfg = Debug|Any CPU
		{14111810-ABF1-4E39-9CA6-A64B3DE48EEA}.Debug|x86.Build.0 = Debug|Any CPU
		{14111810-ABF1-4E39-9CA6-A64B3DE48EEA}.Release|Any CPU.ActiveCfg = Release|Any CPU
		{14111810-ABF1-4E39-9CA6-A64B3DE48EEA}.Release|Any CPU.Build.0 = Release|Any CPU
		{14111810-ABF1-4E39-9CA6-A64B3DE48EEA}.Release|x64.ActiveCfg = Release|Any CPU
		{14111810-ABF1-4E39-9CA6-A64B3DE48EEA}.Release|x64.Build.0 = Release|Any CPU
		{14111810-ABF1-4E39-9CA6-A64B3DE48EEA}.Release|x86.ActiveCfg = Release|Any CPU
		{14111810-ABF1-4E39-9CA6-A64B3DE48EEA}.Release|x86.Build.0 = Release|Any CPU
		{CDC6C14D-8F68-4477-9EA5-DEB17E4FC040}.Debug|Any CPU.ActiveCfg = Debug|Any CPU
		{CDC6C14D-8F68-4477-9EA5-DEB17E4FC040}.Debug|Any CPU.Build.0 = Debug|Any CPU
		{CDC6C14D-8F68-4477-9EA5-DEB17E4FC040}.Debug|x64.ActiveCfg = Debug|Any CPU
		{CDC6C14D-8F68-4477-9EA5-DEB17E4FC040}.Debug|x64.Build.0 = Debug|Any CPU
		{CDC6C14D-8F68-4477-9EA5-DEB17E4FC040}.Debug|x86.ActiveCfg = Debug|Any CPU
		{CDC6C14D-8F68-4477-9EA5-DEB17E4FC040}.Debug|x86.Build.0 = Debug|Any CPU
		{CDC6C14D-8F68-4477-9EA5-DEB17E4FC040}.Release|Any CPU.ActiveCfg = Release|Any CPU
		{CDC6C14D-8F68-4477-9EA5-DEB17E4FC040}.Release|Any CPU.Build.0 = Release|Any CPU
		{CDC6C14D-8F68-4477-9EA5-DEB17E4FC040}.Release|x64.ActiveCfg = Release|Any CPU
		{CDC6C14D-8F68-4477-9EA5-DEB17E4FC040}.Release|x64.Build.0 = Release|Any CPU
		{CDC6C14D-8F68-4477-9EA5-DEB17E4FC040}.Release|x86.ActiveCfg = Release|Any CPU
		{CDC6C14D-8F68-4477-9EA5-DEB17E4FC040}.Release|x86.Build.0 = Release|Any CPU
		{8179ACBF-DCD3-4CD1-9663-0E72531BBACA}.Debug|Any CPU.ActiveCfg = Debug|Any CPU
		{8179ACBF-DCD3-4CD1-9663-0E72531BBACA}.Debug|Any CPU.Build.0 = Debug|Any CPU
		{8179ACBF-DCD3-4CD1-9663-0E72531BBACA}.Debug|x64.ActiveCfg = Debug|Any CPU
		{8179ACBF-DCD3-4CD1-9663-0E72531BBACA}.Debug|x64.Build.0 = Debug|Any CPU
		{8179ACBF-DCD3-4CD1-9663-0E72531BBACA}.Debug|x86.ActiveCfg = Debug|Any CPU
		{8179ACBF-DCD3-4CD1-9663-0E72531BBACA}.Debug|x86.Build.0 = Debug|Any CPU
		{8179ACBF-DCD3-4CD1-9663-0E72531BBACA}.Release|Any CPU.ActiveCfg = Release|Any CPU
		{8179ACBF-DCD3-4CD1-9663-0E72531BBACA}.Release|Any CPU.Build.0 = Release|Any CPU
		{8179ACBF-DCD3-4CD1-9663-0E72531BBACA}.Release|x64.ActiveCfg = Release|Any CPU
		{8179ACBF-DCD3-4CD1-9663-0E72531BBACA}.Release|x64.Build.0 = Release|Any CPU
		{8179ACBF-DCD3-4CD1-9663-0E72531BBACA}.Release|x86.ActiveCfg = Release|Any CPU
		{8179ACBF-DCD3-4CD1-9663-0E72531BBACA}.Release|x86.Build.0 = Release|Any CPU
		{80D24A9E-F7B9-4E0E-A94D-7CE898FFC317}.Debug|Any CPU.ActiveCfg = Debug|Any CPU
		{80D24A9E-F7B9-4E0E-A94D-7CE898FFC317}.Debug|Any CPU.Build.0 = Debug|Any CPU
		{80D24A9E-F7B9-4E0E-A94D-7CE898FFC317}.Debug|x64.ActiveCfg = Debug|Any CPU
		{80D24A9E-F7B9-4E0E-A94D-7CE898FFC317}.Debug|x64.Build.0 = Debug|Any CPU
		{80D24A9E-F7B9-4E0E-A94D-7CE898FFC317}.Debug|x86.ActiveCfg = Debug|Any CPU
		{80D24A9E-F7B9-4E0E-A94D-7CE898FFC317}.Debug|x86.Build.0 = Debug|Any CPU
		{80D24A9E-F7B9-4E0E-A94D-7CE898FFC317}.Release|Any CPU.ActiveCfg = Release|Any CPU
		{80D24A9E-F7B9-4E0E-A94D-7CE898FFC317}.Release|Any CPU.Build.0 = Release|Any CPU
		{80D24A9E-F7B9-4E0E-A94D-7CE898FFC317}.Release|x64.ActiveCfg = Release|Any CPU
		{80D24A9E-F7B9-4E0E-A94D-7CE898FFC317}.Release|x64.Build.0 = Release|Any CPU
		{80D24A9E-F7B9-4E0E-A94D-7CE898FFC317}.Release|x86.ActiveCfg = Release|Any CPU
		{80D24A9E-F7B9-4E0E-A94D-7CE898FFC317}.Release|x86.Build.0 = Release|Any CPU
		{16A37C95-41B8-41E5-AB57-A2484EEF1B41}.Debug|Any CPU.ActiveCfg = Debug|Any CPU
		{16A37C95-41B8-41E5-AB57-A2484EEF1B41}.Debug|Any CPU.Build.0 = Debug|Any CPU
		{16A37C95-41B8-41E5-AB57-A2484EEF1B41}.Debug|x64.ActiveCfg = Debug|Any CPU
		{16A37C95-41B8-41E5-AB57-A2484EEF1B41}.Debug|x64.Build.0 = Debug|Any CPU
		{16A37C95-41B8-41E5-AB57-A2484EEF1B41}.Debug|x86.ActiveCfg = Debug|Any CPU
		{16A37C95-41B8-41E5-AB57-A2484EEF1B41}.Debug|x86.Build.0 = Debug|Any CPU
		{16A37C95-41B8-41E5-AB57-A2484EEF1B41}.Release|Any CPU.ActiveCfg = Release|Any CPU
		{16A37C95-41B8-41E5-AB57-A2484EEF1B41}.Release|Any CPU.Build.0 = Release|Any CPU
		{16A37C95-41B8-41E5-AB57-A2484EEF1B41}.Release|x64.ActiveCfg = Release|Any CPU
		{16A37C95-41B8-41E5-AB57-A2484EEF1B41}.Release|x64.Build.0 = Release|Any CPU
		{16A37C95-41B8-41E5-AB57-A2484EEF1B41}.Release|x86.ActiveCfg = Release|Any CPU
		{16A37C95-41B8-41E5-AB57-A2484EEF1B41}.Release|x86.Build.0 = Release|Any CPU
		{974960F1-FC57-447D-AE9D-CA8ED92DDC34}.Debug|Any CPU.ActiveCfg = Debug|Any CPU
		{974960F1-FC57-447D-AE9D-CA8ED92DDC34}.Debug|Any CPU.Build.0 = Debug|Any CPU
		{974960F1-FC57-447D-AE9D-CA8ED92DDC34}.Debug|x64.ActiveCfg = Debug|Any CPU
		{974960F1-FC57-447D-AE9D-CA8ED92DDC34}.Debug|x64.Build.0 = Debug|Any CPU
		{974960F1-FC57-447D-AE9D-CA8ED92DDC34}.Debug|x86.ActiveCfg = Debug|Any CPU
		{974960F1-FC57-447D-AE9D-CA8ED92DDC34}.Debug|x86.Build.0 = Debug|Any CPU
		{974960F1-FC57-447D-AE9D-CA8ED92DDC34}.Release|Any CPU.ActiveCfg = Release|Any CPU
		{974960F1-FC57-447D-AE9D-CA8ED92DDC34}.Release|Any CPU.Build.0 = Release|Any CPU
		{974960F1-FC57-447D-AE9D-CA8ED92DDC34}.Release|x64.ActiveCfg = Release|Any CPU
		{974960F1-FC57-447D-AE9D-CA8ED92DDC34}.Release|x64.Build.0 = Release|Any CPU
		{974960F1-FC57-447D-AE9D-CA8ED92DDC34}.Release|x86.ActiveCfg = Release|Any CPU
		{974960F1-FC57-447D-AE9D-CA8ED92DDC34}.Release|x86.Build.0 = Release|Any CPU
		{50EB5FA3-13DF-465E-9857-F8AD9E083B5E}.Debug|Any CPU.ActiveCfg = Debug|Any CPU
		{50EB5FA3-13DF-465E-9857-F8AD9E083B5E}.Debug|Any CPU.Build.0 = Debug|Any CPU
		{50EB5FA3-13DF-465E-9857-F8AD9E083B5E}.Debug|x64.ActiveCfg = Debug|Any CPU
		{50EB5FA3-13DF-465E-9857-F8AD9E083B5E}.Debug|x64.Build.0 = Debug|Any CPU
		{50EB5FA3-13DF-465E-9857-F8AD9E083B5E}.Debug|x86.ActiveCfg = Debug|Any CPU
		{50EB5FA3-13DF-465E-9857-F8AD9E083B5E}.Debug|x86.Build.0 = Debug|Any CPU
		{50EB5FA3-13DF-465E-9857-F8AD9E083B5E}.Release|Any CPU.ActiveCfg = Release|Any CPU
		{50EB5FA3-13DF-465E-9857-F8AD9E083B5E}.Release|Any CPU.Build.0 = Release|Any CPU
		{50EB5FA3-13DF-465E-9857-F8AD9E083B5E}.Release|x64.ActiveCfg = Release|Any CPU
		{50EB5FA3-13DF-465E-9857-F8AD9E083B5E}.Release|x64.Build.0 = Release|Any CPU
		{50EB5FA3-13DF-465E-9857-F8AD9E083B5E}.Release|x86.ActiveCfg = Release|Any CPU
		{50EB5FA3-13DF-465E-9857-F8AD9E083B5E}.Release|x86.Build.0 = Release|Any CPU
		{79E299E4-E5C5-4C2E-A227-49F9259057EF}.Debug|Any CPU.ActiveCfg = Debug|Any CPU
		{79E299E4-E5C5-4C2E-A227-49F9259057EF}.Debug|Any CPU.Build.0 = Debug|Any CPU
		{79E299E4-E5C5-4C2E-A227-49F9259057EF}.Debug|x64.ActiveCfg = Debug|Any CPU
		{79E299E4-E5C5-4C2E-A227-49F9259057EF}.Debug|x64.Build.0 = Debug|Any CPU
		{79E299E4-E5C5-4C2E-A227-49F9259057EF}.Debug|x86.ActiveCfg = Debug|Any CPU
		{79E299E4-E5C5-4C2E-A227-49F9259057EF}.Debug|x86.Build.0 = Debug|Any CPU
		{79E299E4-E5C5-4C2E-A227-49F9259057EF}.Release|Any CPU.ActiveCfg = Release|Any CPU
		{79E299E4-E5C5-4C2E-A227-49F9259057EF}.Release|Any CPU.Build.0 = Release|Any CPU
		{79E299E4-E5C5-4C2E-A227-49F9259057EF}.Release|x64.ActiveCfg = Release|Any CPU
		{79E299E4-E5C5-4C2E-A227-49F9259057EF}.Release|x64.Build.0 = Release|Any CPU
		{79E299E4-E5C5-4C2E-A227-49F9259057EF}.Release|x86.ActiveCfg = Release|Any CPU
		{79E299E4-E5C5-4C2E-A227-49F9259057EF}.Release|x86.Build.0 = Release|Any CPU
		{5CF27B5C-AE8A-438F-B01F-31A043759805}.Debug|Any CPU.ActiveCfg = Debug|Any CPU
		{5CF27B5C-AE8A-438F-B01F-31A043759805}.Debug|Any CPU.Build.0 = Debug|Any CPU
		{5CF27B5C-AE8A-438F-B01F-31A043759805}.Debug|x64.ActiveCfg = Debug|Any CPU
		{5CF27B5C-AE8A-438F-B01F-31A043759805}.Debug|x64.Build.0 = Debug|Any CPU
		{5CF27B5C-AE8A-438F-B01F-31A043759805}.Debug|x86.ActiveCfg = Debug|Any CPU
		{5CF27B5C-AE8A-438F-B01F-31A043759805}.Debug|x86.Build.0 = Debug|Any CPU
		{5CF27B5C-AE8A-438F-B01F-31A043759805}.Release|Any CPU.ActiveCfg = Release|Any CPU
		{5CF27B5C-AE8A-438F-B01F-31A043759805}.Release|Any CPU.Build.0 = Release|Any CPU
		{5CF27B5C-AE8A-438F-B01F-31A043759805}.Release|x64.ActiveCfg = Release|Any CPU
		{5CF27B5C-AE8A-438F-B01F-31A043759805}.Release|x64.Build.0 = Release|Any CPU
		{5CF27B5C-AE8A-438F-B01F-31A043759805}.Release|x86.ActiveCfg = Release|Any CPU
		{5CF27B5C-AE8A-438F-B01F-31A043759805}.Release|x86.Build.0 = Release|Any CPU
	EndGlobalSection
	GlobalSection(SolutionProperties) = preSolution
		HideSolutionNode = FALSE
	EndGlobalSection
	GlobalSection(NestedProjects) = preSolution
		{1E20ABEB-943D-4651-8C7D-B2DFF3662747} = {6C4D298B-81FB-2B6B-5AB6-46205EDDC72C}
		{F150A5AF-23BC-420A-B782-B4C6F88F9512} = {1E20ABEB-943D-4651-8C7D-B2DFF3662747}
		{D83ACE0F-B833-44E8-B34F-DCFAF36131FA} = {6C4D298B-81FB-2B6B-5AB6-46205EDDC72C}
		{D162185D-CEF7-4160-8F60-E9EF7A560C97} = {D83ACE0F-B833-44E8-B34F-DCFAF36131FA}
		{D6CAFCA3-DB5F-476B-8643-057A16FD0114} = {D83ACE0F-B833-44E8-B34F-DCFAF36131FA}
		{C07DF10D-7DD1-483D-AF39-CD10B38EECE7} = {D83ACE0F-B833-44E8-B34F-DCFAF36131FA}
		{EAFE8751-7E1F-4BFE-82DA-B747451EF49A} = {6C4D298B-81FB-2B6B-5AB6-46205EDDC72C}
		{FA2F0F7D-0A3B-42E6-AF0E-D539F56647B3} = {EAFE8751-7E1F-4BFE-82DA-B747451EF49A}
		{AFDA1854-0128-4801-B6F5-7C2494490D38} = {EAFE8751-7E1F-4BFE-82DA-B747451EF49A}
		{8F4E9A41-747E-4133-96F7-DA1122BD7B3C} = {1E20ABEB-943D-4651-8C7D-B2DFF3662747}
		{FB4B1060-4435-4F9E-9F83-B926BF60F79B} = {1E20ABEB-943D-4651-8C7D-B2DFF3662747}
		{522EF56D-387D-4C89-9A2C-F0E89B723490} = {1E20ABEB-943D-4651-8C7D-B2DFF3662747}
		{31D2DA7D-A4C8-4280-B92E-24351D4DAC2F} = {1E20ABEB-943D-4651-8C7D-B2DFF3662747}
		{CA769FFC-19A6-4909-BE8A-99114ECD0A62} = {EAFE8751-7E1F-4BFE-82DA-B747451EF49A}
		{986CA949-ABB6-41F4-90EA-A2C2201E9CFE} = {6C4D298B-81FB-2B6B-5AB6-46205EDDC72C}
		{0CE3D262-2AA8-4DF4-837D-B9C6071B86B3} = {986CA949-ABB6-41F4-90EA-A2C2201E9CFE}
		{20C65D60-A80A-4583-8CBE-01BA9E306BA3} = {82D292C4-D134-42A4-8D9A-7E1D5B7C260F}
		{8D521BDE-16D9-4715-88D8-E50A78DF5713} = {20C65D60-A80A-4583-8CBE-01BA9E306BA3}
		{7E57A4E6-DA08-44F7-96C8-AF06E7180E41} = {98A5679D-EA35-49A0-A7D8-738DA4868592}
		{98A5679D-EA35-49A0-A7D8-738DA4868592} = {82D292C4-D134-42A4-8D9A-7E1D5B7C260F}
		{B4479087-3435-42DA-88B1-7D32C7358EB9} = {82D292C4-D134-42A4-8D9A-7E1D5B7C260F}
		{4EF87FA7-8BCE-4B8D-854A-51E7FB0D2B42} = {6C4D298B-81FB-2B6B-5AB6-46205EDDC72C}
		{062F3A53-9CAD-4118-9258-9F9F252EAAD3} = {82D292C4-D134-42A4-8D9A-7E1D5B7C260F}
		{B98F9496-15C3-4F82-9DA7-02500E09BFAE} = {062F3A53-9CAD-4118-9258-9F9F252EAAD3}
		{06C45A6D-D821-46DE-BB89-0AE56C3DC96C} = {4EF87FA7-8BCE-4B8D-854A-51E7FB0D2B42}
		{8D6C609D-32FD-4719-BDB1-587343AE4894} = {02EA681E-C7D8-13C7-8484-4AC65E1B71E8}
		{EF05C823-3EF0-432F-AF05-D8C33BCA00AD} = {1E20ABEB-943D-4651-8C7D-B2DFF3662747}
		{1C5101BC-E173-4EBB-9125-2EE833F0EFD6} = {1E20ABEB-943D-4651-8C7D-B2DFF3662747}
		{E8166BE3-7AA5-4664-8EC4-B0567659727B} = {6C4D298B-81FB-2B6B-5AB6-46205EDDC72C}
		{216337C6-87E7-4994-9789-8C5385CE8E81} = {E8166BE3-7AA5-4664-8EC4-B0567659727B}
		{3E79CF0C-74BC-4E43-B1AF-A2F97D668FC4} = {E8166BE3-7AA5-4664-8EC4-B0567659727B}
		{61390C80-5789-4A08-AA18-B51D4E3E9249} = {E8166BE3-7AA5-4664-8EC4-B0567659727B}
		{3691998E-2F86-4007-BCBE-9356F6A34D86} = {E8166BE3-7AA5-4664-8EC4-B0567659727B}
		{932346D1-FF90-4EFA-AF44-CE14D43F2A40} = {E8166BE3-7AA5-4664-8EC4-B0567659727B}
		{2F134EA5-707A-463E-8B58-A74760A8F8DF} = {E8166BE3-7AA5-4664-8EC4-B0567659727B}
		{CF7F7DFB-9192-4ABB-B7A3-74830C06BCF8} = {E8166BE3-7AA5-4664-8EC4-B0567659727B}
		{6D9B8603-4493-4D93-BD9E-40EEDE98CAD3} = {E8166BE3-7AA5-4664-8EC4-B0567659727B}
		{88702800-9492-4168-BCDA-8FD8A00E06BE} = {E8166BE3-7AA5-4664-8EC4-B0567659727B}
		{1946DC2C-903D-343F-DC2D-850841B0FAB4} = {6C4D298B-81FB-2B6B-5AB6-46205EDDC72C}
		{A769CC49-1222-45F4-A641-C2BB25759549} = {1946DC2C-903D-343F-DC2D-850841B0FAB4}
		{14111810-ABF1-4E39-9CA6-A64B3DE48EEA} = {1946DC2C-903D-343F-DC2D-850841B0FAB4}
		{CDC6C14D-8F68-4477-9EA5-DEB17E4FC040} = {1946DC2C-903D-343F-DC2D-850841B0FAB4}
		{8179ACBF-DCD3-4CD1-9663-0E72531BBACA} = {E8166BE3-7AA5-4664-8EC4-B0567659727B}
		{02EA681E-C7D8-13C7-8484-4AC65E1B71E8} = {6C4D298B-81FB-2B6B-5AB6-46205EDDC72C}
		{80D24A9E-F7B9-4E0E-A94D-7CE898FFC317} = {02EA681E-C7D8-13C7-8484-4AC65E1B71E8}
		{16A37C95-41B8-41E5-AB57-A2484EEF1B41} = {02EA681E-C7D8-13C7-8484-4AC65E1B71E8}
		{974960F1-FC57-447D-AE9D-CA8ED92DDC34} = {02EA681E-C7D8-13C7-8484-4AC65E1B71E8}
		{50EB5FA3-13DF-465E-9857-F8AD9E083B5E} = {02EA681E-C7D8-13C7-8484-4AC65E1B71E8}
		{79E299E4-E5C5-4C2E-A227-49F9259057EF} = {02EA681E-C7D8-13C7-8484-4AC65E1B71E8}
		{5CF27B5C-AE8A-438F-B01F-31A043759805} = {E8166BE3-7AA5-4664-8EC4-B0567659727B}
	EndGlobalSection
	GlobalSection(ExtensibilityGlobals) = postSolution
		SolutionGuid = {5EE15D7B-0AF6-4664-9D0B-7140B5B5961F}
	EndGlobalSection
	GlobalSection(MonoDevelopProperties) = preSolution
		Policies = $0
		$0.DotNetNamingPolicy = $1
		$1.DirectoryNamespaceAssociation = PrefixedHierarchical
	EndGlobalSection
EndGlobal
